
Microsoft Visual Studio Solution File, Format Version 12.00
# Visual Studio 15
VisualStudioVersion = 15.0.27004.2009
MinimumVisualStudioVersion = 10.0.40219.1
Project("{FAE04EC0-301F-11D3-BF4B-00C04F79EFBC}") = "GrassrootsFloodCtrl", "GrassrootsFloodCtrl\GrassrootsFloodCtrl\GrassrootsFloodCtrl.csproj", "{08BAD04A-0C10-46B1-B537-575949C23DF1}"
EndProject
Project("{FAE04EC0-301F-11D3-BF4B-00C04F79EFBC}") = "GrassrootsFloodCtrl.ServiceModel", "GrassrootsFloodCtrl\GrassrootsFloodCtrl.ServiceModel\GrassrootsFloodCtrl.ServiceModel.csproj", "{D23AA163-2C7E-4CEB-A33F-2FED51127587}"
EndProject
Project("{FAE04EC0-301F-11D3-BF4B-00C04F79EFBC}") = "GrassrootsFloodCtrl.ServiceInterface", "GrassrootsFloodCtrl\GrassrootsFloodCtrl.ServiceInterface\GrassrootsFloodCtrl.ServiceInterface.csproj", "{9AA146FB-6CF8-4E5E-A400-EE6E62F83BBF}"
EndProject
Project("{FAE04EC0-301F-11D3-BF4B-00C04F79EFBC}") = "GrassrootsFloodCtrl.Logic", "GrassrootsFloodCtrl.Logic\GrassrootsFloodCtrl.Logic.csproj", "{A2A1C9A1-1704-4271-B1A4-F2C1B74533AA}"
EndProject
Project("{FAE04EC0-301F-11D3-BF4B-00C04F79EFBC}") = "GrassrootsFloodCtrl.Model", "GrassrootsFloodCtrl.Model\GrassrootsFloodCtrl.Model.csproj", "{15C7AF2A-BF53-4669-AEAA-E547E6656F0C}"
EndProject
Project("{FAE04EC0-301F-11D3-BF4B-00C04F79EFBC}") = "RedisHelper", "RedisHelper\RedisHelper.csproj", "{89197610-1BAE-4907-A040-DC5C2A8FE633}"
EndProject
Project("{FAE04EC0-301F-11D3-BF4B-00C04F79EFBC}") = "CachHelper", "CachHelper\CachHelper.csproj", "{D8C6007D-B22A-45B8-91BE-9C7E8E69446C}"
EndProject
Global
	GlobalSection(SolutionConfigurationPlatforms) = preSolution
		Debug|Any CPU = Debug|Any CPU
		Release|Any CPU = Release|Any CPU
	EndGlobalSection
	GlobalSection(ProjectConfigurationPlatforms) = postSolution
		{08BAD04A-0C10-46B1-B537-575949C23DF1}.Debug|Any CPU.ActiveCfg = Debug|Any CPU
		{08BAD04A-0C10-46B1-B537-575949C23DF1}.Debug|Any CPU.Build.0 = Debug|Any CPU
		{08BAD04A-0C10-46B1-B537-575949C23DF1}.Release|Any CPU.ActiveCfg = Release|Any CPU
		{08BAD04A-0C10-46B1-B537-575949C23DF1}.Release|Any CPU.Build.0 = Release|Any CPU
		{D23AA163-2C7E-4CEB-A33F-2FED51127587}.Debug|Any CPU.ActiveCfg = Debug|Any CPU
		{D23AA163-2C7E-4CEB-A33F-2FED51127587}.Debug|Any CPU.Build.0 = Debug|Any CPU
		{D23AA163-2C7E-4CEB-A33F-2FED51127587}.Release|Any CPU.ActiveCfg = Release|Any CPU
		{D23AA163-2C7E-4CEB-A33F-2FED51127587}.Release|Any CPU.Build.0 = Release|Any CPU
		{9AA146FB-6CF8-4E5E-A400-EE6E62F83BBF}.Debug|Any CPU.ActiveCfg = Debug|Any CPU
		{9AA146FB-6CF8-4E5E-A400-EE6E62F83BBF}.Debug|Any CPU.Build.0 = Debug|Any CPU
		{9AA146FB-6CF8-4E5E-A400-EE6E62F83BBF}.Release|Any CPU.ActiveCfg = Release|Any CPU
		{9AA146FB-6CF8-4E5E-A400-EE6E62F83BBF}.Release|Any CPU.Build.0 = Release|Any CPU
		{A2A1C9A1-1704-4271-B1A4-F2C1B74533AA}.Debug|Any CPU.ActiveCfg = Debug|Any CPU
		{A2A1C9A1-1704-4271-B1A4-F2C1B74533AA}.Debug|Any CPU.Build.0 = Debug|Any CPU
		{A2A1C9A1-1704-4271-B1A4-F2C1B74533AA}.Release|Any CPU.ActiveCfg = Release|Any CPU
		{A2A1C9A1-1704-4271-B1A4-F2C1B74533AA}.Release|Any CPU.Build.0 = Release|Any CPU
		{15C7AF2A-BF53-4669-AEAA-E547E6656F0C}.Debug|Any CPU.ActiveCfg = Debug|Any CPU
		{15C7AF2A-BF53-4669-AEAA-E547E6656F0C}.Debug|Any CPU.Build.0 = Debug|Any CPU
		{15C7AF2A-BF53-4669-AEAA-E547E6656F0C}.Release|Any CPU.ActiveCfg = Release|Any CPU
		{15C7AF2A-BF53-4669-AEAA-E547E6656F0C}.Release|Any CPU.Build.0 = Release|Any CPU
		{89197610-1BAE-4907-A040-DC5C2A8FE633}.Debug|Any CPU.ActiveCfg = Debug|Any CPU
		{89197610-1BAE-4907-A040-DC5C2A8FE633}.Debug|Any CPU.Build.0 = Debug|Any CPU
		{89197610-1BAE-4907-A040-DC5C2A8FE633}.Release|Any CPU.ActiveCfg = Release|Any CPU
		{89197610-1BAE-4907-A040-DC5C2A8FE633}.Release|Any CPU.Build.0 = Release|Any CPU
		{D8C6007D-B22A-45B8-91BE-9C7E8E69446C}.Debug|Any CPU.ActiveCfg = Debug|Any CPU
		{D8C6007D-B22A-45B8-91BE-9C7E8E69446C}.Debug|Any CPU.Build.0 = Debug|Any CPU
		{D8C6007D-B22A-45B8-91BE-9C7E8E69446C}.Release|Any CPU.ActiveCfg = Release|Any CPU
		{D8C6007D-B22A-45B8-91BE-9C7E8E69446C}.Release|Any CPU.Build.0 = Release|Any CPU
	EndGlobalSection
	GlobalSection(SolutionProperties) = preSolution
		HideSolutionNode = FALSE
	EndGlobalSection
	GlobalSection(ExtensibilityGlobals) = postSolution
		SolutionGuid = {F418C431-A0AE-4E98-AA31-3142B822CAE9}
	EndGlobalSection
EndGlobal
